
Microsoft Visual Studio Solution File, Format Version 12.00
# Visual Studio Version 17
VisualStudioVersion = 17.10.35027.167
MinimumVisualStudioVersion = 10.0.40219.1
Project("{888888A0-9F3D-457C-B088-3A5042F75D52}") = "projeto_bloco_algoritimo_classificacao_ia", "projeto_bloco_algoritimo_classificacao_ia\projeto_bloco_algoritimo_classificacao_ia.pyproj", "{84AF117A-75E1-4B24-B8ED-7E346D31BC71}"
EndProject
Global
	GlobalSection(SolutionConfigurationPlatforms) = preSolution
		Debug|Any CPU = Debug|Any CPU
		Release|Any CPU = Release|Any CPU
	EndGlobalSection
	GlobalSection(ProjectConfigurationPlatforms) = postSolution
		{84AF117A-75E1-4B24-B8ED-7E346D31BC71}.Debug|Any CPU.ActiveCfg = Debug|Any CPU
		{84AF117A-75E1-4B24-B8ED-7E346D31BC71}.Release|Any CPU.ActiveCfg = Release|Any CPU
	EndGlobalSection
	GlobalSection(SolutionProperties) = preSolution
		HideSolutionNode = FALSE
	EndGlobalSection
	GlobalSection(ExtensibilityGlobals) = postSolution
		SolutionGuid = {42EE7295-3790-4CB5-ADF2-CD8EC9A3D6D1}
	EndGlobalSection
EndGlobal
